{
  "version": 4,
  "terraform_version": "1.13.2",
  "serial": 13,
  "lineage": "265631d7-e64e-79ad-2312-746360dfbf05",
  "outputs": {
    "cluster_network_id": {
      "value": "fr-par/b41874a6-6fbb-4794-ade0-8657de6d0201",
      "type": "string"
    },
    "cluster_network_subnet": {
      "value": "172.16.36.0/22",
      "type": "string"
    },
    "cluster_summary": {
      "value": {
        "cluster_name": "proxmox-hci",
        "cluster_network": "172.16.36.0/22",
        "node_count": 3,
        "public_network": "172.16.28.0/22",
        "qdevice_enabled": false,
        "region": "fr-par",
        "server_type": "EM-L220E-NVME",
        "zone": "fr-par-2"
      },
      "type": [
        "object",
        {
          "cluster_name": "string",
          "cluster_network": "string",
          "node_count": "number",
          "public_network": "string",
          "qdevice_enabled": "bool",
          "region": "string",
          "server_type": "string",
          "zone": "string"
        }
      ]
    },
    "custom_partitioning_enabled": {
      "value": true,
      "type": "bool"
    },
    "env_file_path": {
      "value": "/Users/fabienganderatz/Documents/Customers/HCI-Test/hci-ansible-scw/.env.generated",
      "type": "string"
    },
    "inventory_file_path": {
      "value": "/Users/fabienganderatz/Documents/Customers/HCI-Test/hci-ansible-scw/inventory/hosts.ini",
      "type": "string"
    },
    "os_info": {
      "value": {
        "id": "a5c00c1b-95b1-4c08-8a33-79cc079f9dac",
        "name": "Proxmox VE 8 | Debian 12 (Bookworm)"
      },
      "type": [
        "object",
        {
          "id": "string",
          "name": "string"
        }
      ]
    },
    "partitioning_schema": {
      "value": {
        "disks": [
          {
            "device": "/dev/nvme0n1",
            "partitions": [
              {
                "label": "uefi",
                "number": 1,
                "size": 536870912
              },
              {
                "label": "boot",
                "number": 2,
                "size": 1073741824
              },
              {
                "label": "swap",
                "number": 3,
                "size": 17179869184
              },
              {
                "label": "root",
                "number": 4,
                "size": 0,
                "use_all_available_space": true
              }
            ]
          }
        ],
        "filesystems": [
          {
            "device": "/dev/nvme0n1p1",
            "format": "fat32",
            "mountpoint": "/boot/efi"
          },
          {
            "device": "/dev/nvme0n1p2",
            "format": "ext4",
            "mountpoint": "/boot"
          },
          {
            "device": "/dev/nvme0n1p4",
            "format": "ext4",
            "mountpoint": "/"
          }
        ],
        "raids": [],
        "zfs": {
          "pools": []
        }
      },
      "type": [
        "object",
        {
          "disks": [
            "tuple",
            [
              [
                "object",
                {
                  "device": "string",
                  "partitions": [
                    "tuple",
                    [
                      [
                        "object",
                        {
                          "label": "string",
                          "number": "number",
                          "size": "number"
                        }
                      ],
                      [
                        "object",
                        {
                          "label": "string",
                          "number": "number",
                          "size": "number"
                        }
                      ],
                      [
                        "object",
                        {
                          "label": "string",
                          "number": "number",
                          "size": "number"
                        }
                      ],
                      [
                        "object",
                        {
                          "label": "string",
                          "number": "number",
                          "size": "number",
                          "use_all_available_space": "bool"
                        }
                      ]
                    ]
                  ]
                }
              ]
            ]
          ],
          "filesystems": [
            "tuple",
            [
              [
                "object",
                {
                  "device": "string",
                  "format": "string",
                  "mountpoint": "string"
                }
              ],
              [
                "object",
                {
                  "device": "string",
                  "format": "string",
                  "mountpoint": "string"
                }
              ],
              [
                "object",
                {
                  "device": "string",
                  "format": "string",
                  "mountpoint": "string"
                }
              ]
            ]
          ],
          "raids": [
            "tuple",
            []
          ],
          "zfs": [
            "object",
            {
              "pools": [
                "tuple",
                []
              ]
            }
          ]
        }
      ]
    },
    "project_info": {
      "value": {
        "id": "c96fe71c-bc1b-40a1-9559-eb37baeb627e",
        "name": "Fabien"
      },
      "type": [
        "object",
        {
          "id": "string",
          "name": "string"
        }
      ]
    },
    "public_network_id": {
      "value": "fr-par/e0d45b74-a4f2-4ede-84a1-c4c61c4a6a8d",
      "type": "string"
    },
    "public_network_subnet": {
      "value": "172.16.28.0/22",
      "type": "string"
    },
    "region": {
      "value": "fr-par",
      "type": "string"
    },
    "server_names": {
      "value": [
        "proxmox-hci-pve1",
        "proxmox-hci-pve2",
        "proxmox-hci-pve3"
      ],
      "type": [
        "tuple",
        [
          "string",
          "string",
          "string"
        ]
      ]
    },
    "server_offer_details": {
      "value": {
        "commercial_range": "lithium",
        "cpu": {
          "core_count": 8,
          "frequency": 3100,
          "name": "AMD EPYC 7232P"
        },
        "disks": [
          {
            "capacity": 2048408248320,
            "type": "NVMe"
          },
          {
            "capacity": 2048408248320,
            "type": "NVMe"
          },
          {
            "capacity": 2048408248320,
            "type": "NVMe"
          },
          {
            "capacity": 2048408248320,
            "type": "NVMe"
          }
        ],
        "memory": {
          "capacity": 64000000000,
          "type": "DDR4"
        },
        "name": "EM-L220E-NVME",
        "offer_id": "fr-par-2/402efe20-4dcb-49af-bc80-1008bcc749a6"
      },
      "type": [
        "object",
        {
          "commercial_range": "string",
          "cpu": [
            "object",
            {
              "core_count": "number",
              "frequency": "number",
              "name": "string"
            }
          ],
          "disks": [
            "tuple",
            [
              [
                "object",
                {
                  "capacity": "number",
                  "type": "string"
                }
              ],
              [
                "object",
                {
                  "capacity": "number",
                  "type": "string"
                }
              ],
              [
                "object",
                {
                  "capacity": "number",
                  "type": "string"
                }
              ],
              [
                "object",
                {
                  "capacity": "number",
                  "type": "string"
                }
              ]
            ]
          ],
          "memory": [
            "object",
            {
              "capacity": "number",
              "type": "string"
            }
          ],
          "name": "string",
          "offer_id": "string"
        }
      ]
    },
    "server_private_ips": {
      "value": {
        "proxmox-hci-pve1": {
          "cluster_network": "172.16.36.10",
          "public_network": "172.16.28.10"
        },
        "proxmox-hci-pve2": {
          "cluster_network": "172.16.36.11",
          "public_network": "172.16.28.11"
        },
        "proxmox-hci-pve3": {
          "cluster_network": "172.16.36.12",
          "public_network": "172.16.28.12"
        }
      },
      "type": [
        "object",
        {
          "proxmox-hci-pve1": [
            "object",
            {
              "cluster_network": "string",
              "public_network": "string"
            }
          ],
          "proxmox-hci-pve2": [
            "object",
            {
              "cluster_network": "string",
              "public_network": "string"
            }
          ],
          "proxmox-hci-pve3": [
            "object",
            {
              "cluster_network": "string",
              "public_network": "string"
            }
          ]
        }
      ]
    },
    "vpc_id": {
      "value": "fr-par/6c011e28-085a-4623-875c-d5697b9ff131",
      "type": "string"
    },
    "vpc_name": {
      "value": "proxmox-hci-vpc",
      "type": "string"
    }
  },
  "resources": [
    {
      "mode": "data",
      "type": "scaleway_account_project",
      "name": "current",
      "provider": "provider[\"registry.terraform.io/scaleway/scaleway\"]",
      "instances": [
        {
          "schema_version": 0,
          "attributes": {
            "created_at": "2022-09-21T09:28:28Z",
            "description": "",
            "id": "c96fe71c-bc1b-40a1-9559-eb37baeb627e",
            "name": "Fabien",
            "organization_id": "e97e853d-3cce-4ebf-acda-ec5d6abc8fa8",
            "project_id": "c96fe71c-bc1b-40a1-9559-eb37baeb627e",
            "updated_at": "2022-09-21T09:28:28Z"
          },
          "sensitive_attributes": [],
          "identity_schema_version": 0
        }
      ]
    },
    {
      "mode": "data",
      "type": "scaleway_baremetal_offer",
      "name": "selected",
      "provider": "provider[\"registry.terraform.io/scaleway/scaleway\"]",
      "instances": [
        {
          "schema_version": 0,
          "attributes": {
            "bandwidth": 1000000000,
            "commercial_range": "lithium",
            "cpu": [
              {
                "core_count": 8,
                "frequency": 3100,
                "name": "AMD EPYC 7232P",
                "thread_count": 16
              }
            ],
            "disk": [
              {
                "capacity": 2048408248320,
                "type": "NVMe"
              },
              {
                "capacity": 2048408248320,
                "type": "NVMe"
              },
              {
                "capacity": 2048408248320,
                "type": "NVMe"
              },
              {
                "capacity": 2048408248320,
                "type": "NVMe"
              }
            ],
            "id": "fr-par-2/402efe20-4dcb-49af-bc80-1008bcc749a6",
            "include_disabled": false,
            "memory": [
              {
                "capacity": 64000000000,
                "frequency": 2400,
                "is_ecc": true,
                "type": "DDR4"
              }
            ],
            "name": "EM-L220E-NVME",
            "offer_id": "fr-par-2/402efe20-4dcb-49af-bc80-1008bcc749a6",
            "stock": "low",
            "subscription_period": "hourly",
            "zone": "fr-par-2"
          },
          "sensitive_attributes": [],
          "identity_schema_version": 0
        }
      ]
    },
    {
      "mode": "data",
      "type": "scaleway_baremetal_option",
      "name": "private_network",
      "provider": "provider[\"registry.terraform.io/scaleway/scaleway\"]",
      "instances": [
        {
          "schema_version": 0,
          "attributes": {
            "id": "fr-par-2/cd4158d7-2d65-49be-8803-c4b8ab6f760c",
            "manageable": true,
            "name": "Private Network",
            "option_id": "fr-par-2/cd4158d7-2d65-49be-8803-c4b8ab6f760c",
            "zone": "fr-par-2"
          },
          "sensitive_attributes": [],
          "identity_schema_version": 0
        }
      ]
    },
    {
      "mode": "data",
      "type": "scaleway_iam_ssh_key",
      "name": "keys",
      "provider": "provider[\"registry.terraform.io/scaleway/scaleway\"]",
      "instances": [
        {
          "index_key": "78c14433-6579-4ca8-a97b-0964e62cbd3b",
          "schema_version": 0,
          "attributes": {
            "created_at": "2023-02-28T10:22:35Z",
            "disabled": false,
            "fingerprint": "256 MD5:61:ae:15:e8:3a:71:26:b5:70:bc:5a:d4:1a:48:aa:df scw (ssh-ed25519)",
            "id": "78c14433-6579-4ca8-a97b-0964e62cbd3b",
            "name": "fabien-ssh-key",
            "organization_id": "e97e853d-3cce-4ebf-acda-ec5d6abc8fa8",
            "project_id": "e97e853d-3cce-4ebf-acda-ec5d6abc8fa8",
            "public_key": "ssh-ed25519 AAAAC3NzaC1lZDI1NTE5AAAAIMFdhTBWyJrT23EiAdGV4Y/Xdr1LlZslY2H0R7SWVBCg scw",
            "ssh_key_id": "78c14433-6579-4ca8-a97b-0964e62cbd3b",
            "updated_at": "2023-02-28T10:22:35Z"
          },
          "sensitive_attributes": [],
          "identity_schema_version": 0
        }
      ]
    },
    {
      "mode": "managed",
      "type": "scaleway_baremetal_server",
      "name": "nodes",
      "provider": "provider[\"registry.terraform.io/scaleway/scaleway\"]",
      "instances": [
        {
          "index_key": 2,
          "schema_version": 0,
          "attributes": {
            "cloud_init": "",
            "description": "",
            "domain": "4f6f0aba-7de4-43ce-aa5e-4d45cbcd7f05.fr-par-2.baremetal.scw.cloud",
            "hostname": null,
            "id": "fr-par-2/4f6f0aba-7de4-43ce-aa5e-4d45cbcd7f05",
            "install_config_afterward": false,
            "ips": [
              {
                "address": "195.154.100.124",
                "id": "1e21d7cd-c79f-46c6-be97-bfa34644a6b1",
                "reverse": "4f6f0aba-7de4-43ce-aa5e-4d45cbcd7f05.fr-par-2.baremetal.scw.cloud",
                "version": "IPv4"
              },
              {
                "address": "2001:bc8:1201:a20:7ec2:55ff:fea8:ca10",
                "id": "5ee64967-d05a-402c-a506-cce3382bb387",
                "reverse": "4f6f0aba-7de4-43ce-aa5e-4d45cbcd7f05.fr-par-2.baremetal.scw.cloud",
                "version": "IPv6"
              }
            ],
            "ipv4": [
              {
                "address": "195.154.100.124",
                "id": "1e21d7cd-c79f-46c6-be97-bfa34644a6b1",
                "reverse": "4f6f0aba-7de4-43ce-aa5e-4d45cbcd7f05.fr-par-2.baremetal.scw.cloud",
                "version": "IPv4"
              }
            ],
            "ipv6": [
              {
                "address": "2001:bc8:1201:a20:7ec2:55ff:fea8:ca10",
                "id": "5ee64967-d05a-402c-a506-cce3382bb387",
                "reverse": "4f6f0aba-7de4-43ce-aa5e-4d45cbcd7f05.fr-par-2.baremetal.scw.cloud",
                "version": "IPv6"
              }
            ],
            "name": "proxmox-hci-pve3",
            "offer": "fr-par-2/402efe20-4dcb-49af-bc80-1008bcc749a6",
            "offer_id": "fr-par-2/402efe20-4dcb-49af-bc80-1008bcc749a6",
            "offer_name": "EM-L220E-NVME",
            "options": [
              {
                "expires_at": "",
                "id": "fr-par-2/cd4158d7-2d65-49be-8803-c4b8ab6f760c",
                "name": "Private Network"
              }
            ],
            "organization_id": "e97e853d-3cce-4ebf-acda-ec5d6abc8fa8",
            "os": "fr-par-2/a5c00c1b-95b1-4c08-8a33-79cc079f9dac",
            "os_name": "Proxmox",
            "partitioning": "{\"disks\":[{\"device\":\"/dev/nvme0n1\",\"partitions\":[{\"label\":\"uefi\",\"number\":1,\"size\":536870912},{\"label\":\"boot\",\"number\":2,\"size\":1073741824},{\"label\":\"swap\",\"number\":3,\"size\":17179869184},{\"label\":\"root\",\"number\":4,\"size\":0,\"use_all_available_space\":true}]}],\"filesystems\":[{\"device\":\"/dev/nvme0n1p1\",\"format\":\"fat32\",\"mountpoint\":\"/boot/efi\"},{\"device\":\"/dev/nvme0n1p2\",\"format\":\"ext4\",\"mountpoint\":\"/boot\"},{\"device\":\"/dev/nvme0n1p4\",\"format\":\"ext4\",\"mountpoint\":\"/\"}],\"raids\":[],\"zfs\":{\"pools\":[]}}",
            "password": null,
            "private_ips": [
              {
                "address": "172.16.28.12",
                "id": "fr-par/f7653b77-c473-4144-a3f3-7312d37463b1"
              },
              {
                "address": "172.16.36.12",
                "id": "fr-par/d679c3b8-8cde-406a-a0c8-0e944fbd009a"
              }
            ],
            "private_network": [
              {
                "created_at": "2026-01-11T07:22:54Z",
                "id": "fr-par/b41874a6-6fbb-4794-ade0-8657de6d0201",
                "ipam_ip_ids": [
                  "fr-par/d679c3b8-8cde-406a-a0c8-0e944fbd009a"
                ],
                "mapping_id": "fr-par/6e996d9e-4ca7-4c8c-b7e2-55800411e5b8",
                "status": "attached",
                "updated_at": "2026-01-11T07:22:54Z",
                "vlan": 1630
              },
              {
                "created_at": "2026-01-11T07:22:54Z",
                "id": "fr-par/e0d45b74-a4f2-4ede-84a1-c4c61c4a6a8d",
                "ipam_ip_ids": [
                  "fr-par/f7653b77-c473-4144-a3f3-7312d37463b1"
                ],
                "mapping_id": "fr-par/498b2c7b-683e-42f7-a7de-537076a8d58c",
                "status": "attached",
                "updated_at": "2026-01-11T07:22:54Z",
                "vlan": 1839
              }
            ],
            "project_id": "c96fe71c-bc1b-40a1-9559-eb37baeb627e",
            "protected": false,
            "reinstall_on_config_changes": false,
            "service_password": "Scaleway2025!",
            "service_user": "root",
            "ssh_key_ids": [
              "78c14433-6579-4ca8-a97b-0964e62cbd3b"
            ],
            "tags": [
              "proxmox",
              "ceph",
              "hci",
              "production",
              "terraform",
              "cluster:proxmox-hci",
              "node:3",
              "PrivateNetwork"
            ],
            "timeouts": {
              "create": "45m",
              "default": null,
              "delete": "15m",
              "update": null
            },
            "user": "root",
            "zone": "fr-par-2"
          },
          "sensitive_attributes": [
            [
              {
                "type": "get_attr",
                "value": "password"
              }
            ],
            [
              {
                "type": "get_attr",
                "value": "service_password"
              }
            ]
          ],
          "identity_schema_version": 0,
          "private": "eyJlMmJmYjczMC1lY2FhLTExZTYtOGY4OC0zNDM2M2JjN2M0YzAiOnsiY3JlYXRlIjoyNzAwMDAwMDAwMDAwLCJkZWZhdWx0Ijo0OTIwMDAwMDAwMDAwLCJkZWxldGUiOjkwMDAwMDAwMDAwMCwicmVhZCI6NDkyMDAwMDAwMDAwMCwidXBkYXRlIjo0OTIwMDAwMDAwMDAwfX0=",
          "dependencies": [
            "data.scaleway_baremetal_offer.selected",
            "data.scaleway_baremetal_option.private_network",
            "scaleway_ipam_ip.cluster_ips",
            "scaleway_ipam_ip.public_ips",
            "scaleway_vpc.main",
            "scaleway_vpc_private_network.cluster",
            "scaleway_vpc_private_network.public"
          ]
        }
      ]
    },
    {
      "mode": "managed",
      "type": "scaleway_instance_server",
      "name": "qdevice",
      "provider": "provider[\"registry.terraform.io/scaleway/scaleway\"]",
      "instances": []
    },
    {
      "mode": "managed",
      "type": "scaleway_ipam_ip",
      "name": "cluster_ips",
      "provider": "provider[\"registry.terraform.io/scaleway/scaleway\"]",
      "instances": [
        {
          "index_key": 0,
          "schema_version": 0,
          "attributes": {
            "address": "172.16.36.10",
            "address_cidr": "172.16.36.10/22",
            "created_at": "2026-01-11T07:16:16Z",
            "custom_resource": [],
            "id": "fr-par/d4c3f4da-1b17-45e6-bd2a-d790348e9b76",
            "is_ipv6": false,
            "project_id": "c96fe71c-bc1b-40a1-9559-eb37baeb627e",
            "region": "fr-par",
            "resource": [],
            "reverses": [],
            "source": [
              {
                "private_network_id": "b41874a6-6fbb-4794-ade0-8657de6d0201",
                "subnet_id": "292f5f47-e650-4435-b48c-81cce8273a40",
                "zonal": ""
              }
            ],
            "tags": [
              "node:1",
              "network:cluster"
            ],
            "updated_at": "2026-01-11T07:16:16Z",
            "zone": null
          },
          "sensitive_attributes": [],
          "identity_schema_version": 0,
          "private": "bnVsbA==",
          "dependencies": [
            "scaleway_vpc.main",
            "scaleway_vpc_private_network.cluster"
          ]
        },
        {
          "index_key": 1,
          "schema_version": 0,
          "attributes": {
            "address": "172.16.36.11",
            "address_cidr": "172.16.36.11/22",
            "created_at": "2026-01-11T07:16:15Z",
            "custom_resource": [],
            "id": "fr-par/dc940faf-ad66-4696-a5cc-b5bed3b90209",
            "is_ipv6": false,
            "project_id": "c96fe71c-bc1b-40a1-9559-eb37baeb627e",
            "region": "fr-par",
            "resource": [],
            "reverses": [],
            "source": [
              {
                "private_network_id": "b41874a6-6fbb-4794-ade0-8657de6d0201",
                "subnet_id": "292f5f47-e650-4435-b48c-81cce8273a40",
                "zonal": ""
              }
            ],
            "tags": [
              "node:2",
              "network:cluster"
            ],
            "updated_at": "2026-01-11T07:16:15Z",
            "zone": null
          },
          "sensitive_attributes": [],
          "identity_schema_version": 0,
          "private": "bnVsbA==",
          "dependencies": [
            "scaleway_vpc.main",
            "scaleway_vpc_private_network.cluster"
          ]
        },
        {
          "index_key": 2,
          "schema_version": 0,
          "attributes": {
            "address": "172.16.36.12",
            "address_cidr": "172.16.36.12/22",
            "created_at": "2026-01-11T07:16:16Z",
            "custom_resource": [],
            "id": "fr-par/d679c3b8-8cde-406a-a0c8-0e944fbd009a",
            "is_ipv6": false,
            "project_id": "c96fe71c-bc1b-40a1-9559-eb37baeb627e",
            "region": "fr-par",
            "resource": [],
            "reverses": [],
            "source": [
              {
                "private_network_id": "b41874a6-6fbb-4794-ade0-8657de6d0201",
                "subnet_id": "292f5f47-e650-4435-b48c-81cce8273a40",
                "zonal": ""
              }
            ],
            "tags": [
              "node:3",
              "network:cluster"
            ],
            "updated_at": "2026-01-11T07:16:16Z",
            "zone": null
          },
          "sensitive_attributes": [],
          "identity_schema_version": 0,
          "private": "bnVsbA==",
          "dependencies": [
            "scaleway_vpc.main",
            "scaleway_vpc_private_network.cluster"
          ]
        }
      ]
    },
    {
      "mode": "managed",
      "type": "scaleway_ipam_ip",
      "name": "public_ips",
      "provider": "provider[\"registry.terraform.io/scaleway/scaleway\"]",
      "instances": [
        {
          "index_key": 0,
          "schema_version": 0,
          "attributes": {
            "address": "172.16.28.10",
            "address_cidr": "172.16.28.10/22",
            "created_at": "2026-01-11T07:16:16Z",
            "custom_resource": [],
            "id": "fr-par/f750f525-9694-40d0-80ed-3dd67a991aa9",
            "is_ipv6": false,
            "project_id": "c96fe71c-bc1b-40a1-9559-eb37baeb627e",
            "region": "fr-par",
            "resource": [],
            "reverses": [],
            "source": [
              {
                "private_network_id": "e0d45b74-a4f2-4ede-84a1-c4c61c4a6a8d",
                "subnet_id": "39869e16-4ca6-4746-b09f-15f1929ba058",
                "zonal": ""
              }
            ],
            "tags": [
              "node:1",
              "network:public"
            ],
            "updated_at": "2026-01-11T07:16:16Z",
            "zone": null
          },
          "sensitive_attributes": [],
          "identity_schema_version": 0,
          "private": "bnVsbA==",
          "dependencies": [
            "scaleway_vpc.main",
            "scaleway_vpc_private_network.public"
          ]
        },
        {
          "index_key": 1,
          "schema_version": 0,
          "attributes": {
            "address": "172.16.28.11",
            "address_cidr": "172.16.28.11/22",
            "created_at": "2026-01-11T07:16:16Z",
            "custom_resource": [],
            "id": "fr-par/0ecf3995-44ef-4668-8ccc-0293d8ba0213",
            "is_ipv6": false,
            "project_id": "c96fe71c-bc1b-40a1-9559-eb37baeb627e",
            "region": "fr-par",
            "resource": [],
            "reverses": [],
            "source": [
              {
                "private_network_id": "e0d45b74-a4f2-4ede-84a1-c4c61c4a6a8d",
                "subnet_id": "39869e16-4ca6-4746-b09f-15f1929ba058",
                "zonal": ""
              }
            ],
            "tags": [
              "node:2",
              "network:public"
            ],
            "updated_at": "2026-01-11T07:16:16Z",
            "zone": null
          },
          "sensitive_attributes": [],
          "identity_schema_version": 0,
          "private": "bnVsbA==",
          "dependencies": [
            "scaleway_vpc.main",
            "scaleway_vpc_private_network.public"
          ]
        },
        {
          "index_key": 2,
          "schema_version": 0,
          "attributes": {
            "address": "172.16.28.12",
            "address_cidr": "172.16.28.12/22",
            "created_at": "2026-01-11T07:16:16Z",
            "custom_resource": [],
            "id": "fr-par/f7653b77-c473-4144-a3f3-7312d37463b1",
            "is_ipv6": false,
            "project_id": "c96fe71c-bc1b-40a1-9559-eb37baeb627e",
            "region": "fr-par",
            "resource": [],
            "reverses": [],
            "source": [
              {
                "private_network_id": "e0d45b74-a4f2-4ede-84a1-c4c61c4a6a8d",
                "subnet_id": "39869e16-4ca6-4746-b09f-15f1929ba058",
                "zonal": ""
              }
            ],
            "tags": [
              "node:3",
              "network:public"
            ],
            "updated_at": "2026-01-11T07:16:16Z",
            "zone": null
          },
          "sensitive_attributes": [],
          "identity_schema_version": 0,
          "private": "bnVsbA==",
          "dependencies": [
            "scaleway_vpc.main",
            "scaleway_vpc_private_network.public"
          ]
        }
      ]
    },
    {
      "mode": "managed",
      "type": "scaleway_vpc",
      "name": "main",
      "provider": "provider[\"registry.terraform.io/scaleway/scaleway\"]",
      "instances": [
        {
          "schema_version": 0,
          "attributes": {
            "created_at": "2026-01-11T07:16:14Z",
            "enable_custom_routes_propagation": true,
            "enable_routing": true,
            "id": "fr-par/6c011e28-085a-4623-875c-d5697b9ff131",
            "is_default": false,
            "name": "proxmox-hci-vpc",
            "organization_id": "e97e853d-3cce-4ebf-acda-ec5d6abc8fa8",
            "project_id": "c96fe71c-bc1b-40a1-9559-eb37baeb627e",
            "region": "fr-par",
            "tags": [
              "proxmox",
              "ceph",
              "hci",
              "production",
              "terraform",
              "cluster:proxmox-hci"
            ],
            "updated_at": "2026-01-11T07:16:14Z"
          },
          "sensitive_attributes": [],
          "identity_schema_version": 0,
          "private": "bnVsbA=="
        }
      ]
    },
    {
      "mode": "managed",
      "type": "scaleway_vpc_private_network",
      "name": "cluster",
      "provider": "provider[\"registry.terraform.io/scaleway/scaleway\"]",
      "instances": [
        {
          "schema_version": 1,
          "attributes": {
            "created_at": "2026-01-11T07:16:15Z",
            "enable_default_route_propagation": false,
            "id": "fr-par/b41874a6-6fbb-4794-ade0-8657de6d0201",
            "ipv4_subnet": [
              {
                "address": "172.16.36.0",
                "created_at": "2026-01-11T07:16:15Z",
                "id": "292f5f47-e650-4435-b48c-81cce8273a40",
                "prefix_length": 22,
                "subnet": "172.16.36.0/22",
                "subnet_mask": "255.255.252.0",
                "updated_at": "2026-01-11T07:16:15Z"
              }
            ],
            "ipv6_subnets": [
              {
                "address": "fdec:9718:6a42:4736::",
                "created_at": "2026-01-11T07:16:15Z",
                "id": "a450f50f-b7d5-4b31-859b-e01d5465ca5d",
                "prefix_length": 64,
                "subnet": "fdec:9718:6a42:4736::/64",
                "subnet_mask": "255.255.255.255.255.255.255.255.0.0.0.0.0.0.0.0",
                "updated_at": "2026-01-11T07:16:15Z"
              }
            ],
            "is_regional": true,
            "name": "proxmox-hci-cluster",
            "organization_id": "e97e853d-3cce-4ebf-acda-ec5d6abc8fa8",
            "project_id": "c96fe71c-bc1b-40a1-9559-eb37baeb627e",
            "region": "fr-par",
            "tags": [
              "proxmox",
              "ceph",
              "hci",
              "production",
              "terraform",
              "cluster:proxmox-hci",
              "network:cluster"
            ],
            "updated_at": "2026-01-11T07:16:15Z",
            "vpc_id": "fr-par/6c011e28-085a-4623-875c-d5697b9ff131",
            "zone": "fr-par-2"
          },
          "sensitive_attributes": [],
          "identity_schema_version": 0,
          "private": "eyJzY2hlbWFfdmVyc2lvbiI6IjEifQ==",
          "dependencies": [
            "scaleway_vpc.main"
          ]
        }
      ]
    },
    {
      "mode": "managed",
      "type": "scaleway_vpc_private_network",
      "name": "public",
      "provider": "provider[\"registry.terraform.io/scaleway/scaleway\"]",
      "instances": [
        {
          "schema_version": 1,
          "attributes": {
            "created_at": "2026-01-11T07:16:15Z",
            "enable_default_route_propagation": false,
            "id": "fr-par/e0d45b74-a4f2-4ede-84a1-c4c61c4a6a8d",
            "ipv4_subnet": [
              {
                "address": "172.16.28.0",
                "created_at": "2026-01-11T07:16:15Z",
                "id": "39869e16-4ca6-4746-b09f-15f1929ba058",
                "prefix_length": 22,
                "subnet": "172.16.28.0/22",
                "subnet_mask": "255.255.252.0",
                "updated_at": "2026-01-11T07:16:15Z"
              }
            ],
            "ipv6_subnets": [
              {
                "address": "fdec:9718:6a42:4533::",
                "created_at": "2026-01-11T07:16:15Z",
                "id": "b41c85d1-dfae-43ea-98cf-11442bb18dff",
                "prefix_length": 64,
                "subnet": "fdec:9718:6a42:4533::/64",
                "subnet_mask": "255.255.255.255.255.255.255.255.0.0.0.0.0.0.0.0",
                "updated_at": "2026-01-11T07:16:15Z"
              }
            ],
            "is_regional": true,
            "name": "proxmox-hci-public",
            "organization_id": "e97e853d-3cce-4ebf-acda-ec5d6abc8fa8",
            "project_id": "c96fe71c-bc1b-40a1-9559-eb37baeb627e",
            "region": "fr-par",
            "tags": [
              "proxmox",
              "ceph",
              "hci",
              "production",
              "terraform",
              "cluster:proxmox-hci",
              "network:public"
            ],
            "updated_at": "2026-01-11T07:16:15Z",
            "vpc_id": "fr-par/6c011e28-085a-4623-875c-d5697b9ff131",
            "zone": "fr-par-2"
          },
          "sensitive_attributes": [],
          "identity_schema_version": 0,
          "private": "eyJzY2hlbWFfdmVyc2lvbiI6IjEifQ==",
          "dependencies": [
            "scaleway_vpc.main"
          ]
        }
      ]
    }
  ],
  "check_results": [
    {
      "object_kind": "var",
      "config_addr": "var.node_count",
      "status": "pass",
      "objects": [
        {
          "object_addr": "var.node_count",
          "status": "pass"
        }
      ]
    },
    {
      "object_kind": "var",
      "config_addr": "var.service_password",
      "status": "pass",
      "objects": [
        {
          "object_addr": "var.service_password",
          "status": "pass"
        }
      ]
    },
    {
      "object_kind": "var",
      "config_addr": "var.server_type",
      "status": "pass",
      "objects": [
        {
          "object_addr": "var.server_type",
          "status": "pass"
        }
      ]
    }
  ]
}
